// !$*UTF8*$!
{
	archiveVersion = 1;
	classes = {
	};
	objectVersion = 46;
	objects = {

/* Begin PBXBuildFile section */
		9310A5E018F9ADE500AFC475 /* LAHacks.sqlite in Resources */ = {isa = PBXBuildFile; fileRef = 9310A5DF18F9ADE500AFC475 /* LAHacks.sqlite */; };
		933298C718F9666B00DECBED /* PlayButton.png in Resources */ = {isa = PBXBuildFile; fileRef = 933298C618F9666B00DECBED /* PlayButton.png */; };
		935DC79218F8FC3600A42623 /* Foundation.framework in Frameworks */ = {isa = PBXBuildFile; fileRef = 935DC79118F8FC3600A42623 /* Foundation.framework */; };
		935DC79418F8FC3600A42623 /* CoreGraphics.framework in Frameworks */ = {isa = PBXBuildFile; fileRef = 935DC79318F8FC3600A42623 /* CoreGraphics.framework */; };
		935DC79618F8FC3600A42623 /* UIKit.framework in Frameworks */ = {isa = PBXBuildFile; fileRef = 935DC79518F8FC3600A42623 /* UIKit.framework */; };
		935DC79C18F8FC3600A42623 /* InfoPlist.strings in Resources */ = {isa = PBXBuildFile; fileRef = 935DC79A18F8FC3600A42623 /* InfoPlist.strings */; };
		935DC79E18F8FC3600A42623 /* main.m in Sources */ = {isa = PBXBuildFile; fileRef = 935DC79D18F8FC3600A42623 /* main.m */; };
		935DC7A218F8FC3600A42623 /* AppDelegate.m in Sources */ = {isa = PBXBuildFile; fileRef = 935DC7A118F8FC3600A42623 /* AppDelegate.m */; };
		935DC7A518F8FC3600A42623 /* Main.storyboard in Resources */ = {isa = PBXBuildFile; fileRef = 935DC7A318F8FC3600A42623 /* Main.storyboard */; };
		935DC7A818F8FC3600A42623 /* ViewController.m in Sources */ = {isa = PBXBuildFile; fileRef = 935DC7A718F8FC3600A42623 /* ViewController.m */; };
		935DC7AA18F8FC3600A42623 /* Images.xcassets in Resources */ = {isa = PBXBuildFile; fileRef = 935DC7A918F8FC3600A42623 /* Images.xcassets */; };
		935DC7B118F8FC3700A42623 /* XCTest.framework in Frameworks */ = {isa = PBXBuildFile; fileRef = 935DC7B018F8FC3700A42623 /* XCTest.framework */; };
		935DC7B218F8FC3700A42623 /* Foundation.framework in Frameworks */ = {isa = PBXBuildFile; fileRef = 935DC79118F8FC3600A42623 /* Foundation.framework */; };
		935DC7B318F8FC3700A42623 /* UIKit.framework in Frameworks */ = {isa = PBXBuildFile; fileRef = 935DC79518F8FC3600A42623 /* UIKit.framework */; };
		935DC7BB18F8FC3700A42623 /* InfoPlist.strings in Resources */ = {isa = PBXBuildFile; fileRef = 935DC7B918F8FC3700A42623 /* InfoPlist.strings */; };
		935DC7BD18F8FC3700A42623 /* LAHacksTests.m in Sources */ = {isa = PBXBuildFile; fileRef = 935DC7BC18F8FC3700A42623 /* LAHacksTests.m */; };
		935DC7CA18F8FF4200A42623 /* SearchBar.png in Resources */ = {isa = PBXBuildFile; fileRef = 935DC7C918F8FF4200A42623 /* SearchBar.png */; };
		935DC7E718F907B800A42623 /* AEFloatConverter.m in Sources */ = {isa = PBXBuildFile; fileRef = 935DC7CD18F907B800A42623 /* AEFloatConverter.m */; };
		935DC7E818F907B800A42623 /* EZAudio.m in Sources */ = {isa = PBXBuildFile; fileRef = 935DC7CF18F907B800A42623 /* EZAudio.m */; };
		935DC7E918F907B800A42623 /* EZAudioFile.m in Sources */ = {isa = PBXBuildFile; fileRef = 935DC7D118F907B800A42623 /* EZAudioFile.m */; };
		935DC7EA18F907B800A42623 /* EZAudioPlayer.m in Sources */ = {isa = PBXBuildFile; fileRef = 935DC7D318F907B800A42623 /* EZAudioPlayer.m */; };
		935DC7EB18F907B800A42623 /* EZAudioPlot.m in Sources */ = {isa = PBXBuildFile; fileRef = 935DC7D518F907B800A42623 /* EZAudioPlot.m */; };
		935DC7EC18F907B800A42623 /* EZAudioPlotGL.m in Sources */ = {isa = PBXBuildFile; fileRef = 935DC7D718F907B800A42623 /* EZAudioPlotGL.m */; };
		935DC7ED18F907B800A42623 /* EZAudioPlotGLKViewController.m in Sources */ = {isa = PBXBuildFile; fileRef = 935DC7D918F907B800A42623 /* EZAudioPlotGLKViewController.m */; };
		935DC7EE18F907B800A42623 /* EZMicrophone.m in Sources */ = {isa = PBXBuildFile; fileRef = 935DC7DB18F907B800A42623 /* EZMicrophone.m */; };
		935DC7EF18F907B800A42623 /* EZOutput.m in Sources */ = {isa = PBXBuildFile; fileRef = 935DC7DD18F907B800A42623 /* EZOutput.m */; };
		935DC7F018F907B800A42623 /* EZPlot.m in Sources */ = {isa = PBXBuildFile; fileRef = 935DC7DF18F907B800A42623 /* EZPlot.m */; };
		935DC7F118F907B800A42623 /* EZRecorder.m in Sources */ = {isa = PBXBuildFile; fileRef = 935DC7E118F907B800A42623 /* EZRecorder.m */; };
		935DC7F218F907B800A42623 /* TPCircularBuffer.c in Sources */ = {isa = PBXBuildFile; fileRef = 935DC7E218F907B800A42623 /* TPCircularBuffer.c */; };
		935DC7F318F907B800A42623 /* CHANGELOG in Resources */ = {isa = PBXBuildFile; fileRef = 935DC7E518F907B800A42623 /* CHANGELOG */; };
		935DC7F418F907B800A42623 /* VERSION in Resources */ = {isa = PBXBuildFile; fileRef = 935DC7E618F907B800A42623 /* VERSION */; };
		935DC7FA18F9115700A42623 /* RecordViewController.m in Sources */ = {isa = PBXBuildFile; fileRef = 935DC7F918F9115700A42623 /* RecordViewController.m */; };
		B86D4F0F18F93E390048F5A3 /* searchBar.m in Sources */ = {isa = PBXBuildFile; fileRef = B86D4F0E18F93E390048F5A3 /* searchBar.m */; };
		B86D4F1318F942C10048F5A3 /* searchBG.png in Resources */ = {isa = PBXBuildFile; fileRef = B86D4F1218F942C10048F5A3 /* searchBG.png */; };
		B86D4F1518F953020048F5A3 /* magnifyingGlass.png in Resources */ = {isa = PBXBuildFile; fileRef = B86D4F1418F953020048F5A3 /* magnifyingGlass.png */; };
		B86D4F1718F957A20048F5A3 /* mainBackground.png in Resources */ = {isa = PBXBuildFile; fileRef = B86D4F1618F957A20048F5A3 /* mainBackground.png */; };
		B86D4F1A18F967510048F5A3 /* categoryTiles.m in Sources */ = {isa = PBXBuildFile; fileRef = B86D4F1918F967510048F5A3 /* categoryTiles.m */; };
		B86D4F1C18F99F770048F5A3 /* Rdio.framework in Frameworks */ = {isa = PBXBuildFile; fileRef = B86D4F1B18F99F770048F5A3 /* Rdio.framework */; };
		B86D4F1E18F9A0A40048F5A3 /* SystemConfiguration.framework in Frameworks */ = {isa = PBXBuildFile; fileRef = B86D4F1D18F9A0A40048F5A3 /* SystemConfiguration.framework */; };
/* End PBXBuildFile section */

/* Begin PBXContainerItemProxy section */
		935DC7B418F8FC3700A42623 /* PBXContainerItemProxy */ = {
			isa = PBXContainerItemProxy;
			containerPortal = 935DC78618F8FC3600A42623 /* Project object */;
			proxyType = 1;
			remoteGlobalIDString = 935DC78D18F8FC3600A42623;
			remoteInfo = LAHacks;
		};
/* End PBXContainerItemProxy section */

/* Begin PBXFileReference section */
		9310A5DF18F9ADE500AFC475 /* LAHacks.sqlite */ = {isa = PBXFileReference; lastKnownFileType = file; path = LAHacks.sqlite; sourceTree = "<group>"; };
		933298C618F9666B00DECBED /* PlayButton.png */ = {isa = PBXFileReference; lastKnownFileType = image.png; path = PlayButton.png; sourceTree = "<group>"; };
		935DC78E18F8FC3600A42623 /* LAHacks.app */ = {isa = PBXFileReference; explicitFileType = wrapper.application; includeInIndex = 0; path = LAHacks.app; sourceTree = BUILT_PRODUCTS_DIR; };
		935DC79118F8FC3600A42623 /* Foundation.framework */ = {isa = PBXFileReference; lastKnownFileType = wrapper.framework; name = Foundation.framework; path = System/Library/Frameworks/Foundation.framework; sourceTree = SDKROOT; };
		935DC79318F8FC3600A42623 /* CoreGraphics.framework */ = {isa = PBXFileReference; lastKnownFileType = wrapper.framework; name = CoreGraphics.framework; path = System/Library/Frameworks/CoreGraphics.framework; sourceTree = SDKROOT; };
		935DC79518F8FC3600A42623 /* UIKit.framework */ = {isa = PBXFileReference; lastKnownFileType = wrapper.framework; name = UIKit.framework; path = System/Library/Frameworks/UIKit.framework; sourceTree = SDKROOT; };
		935DC79918F8FC3600A42623 /* LAHacks-Info.plist */ = {isa = PBXFileReference; lastKnownFileType = text.plist.xml; path = "LAHacks-Info.plist"; sourceTree = "<group>"; };
		935DC79B18F8FC3600A42623 /* en */ = {isa = PBXFileReference; lastKnownFileType = text.plist.strings; name = en; path = en.lproj/InfoPlist.strings; sourceTree = "<group>"; };
		935DC79D18F8FC3600A42623 /* main.m */ = {isa = PBXFileReference; lastKnownFileType = sourcecode.c.objc; path = main.m; sourceTree = "<group>"; };
		935DC79F18F8FC3600A42623 /* LAHacks-Prefix.pch */ = {isa = PBXFileReference; lastKnownFileType = sourcecode.c.h; path = "LAHacks-Prefix.pch"; sourceTree = "<group>"; };
		935DC7A018F8FC3600A42623 /* AppDelegate.h */ = {isa = PBXFileReference; lastKnownFileType = sourcecode.c.h; path = AppDelegate.h; sourceTree = "<group>"; };
		935DC7A118F8FC3600A42623 /* AppDelegate.m */ = {isa = PBXFileReference; lastKnownFileType = sourcecode.c.objc; path = AppDelegate.m; sourceTree = "<group>"; };
		935DC7A418F8FC3600A42623 /* Base */ = {isa = PBXFileReference; lastKnownFileType = file.storyboard; name = Base; path = Base.lproj/Main.storyboard; sourceTree = "<group>"; };
		935DC7A618F8FC3600A42623 /* ViewController.h */ = {isa = PBXFileReference; lastKnownFileType = sourcecode.c.h; path = ViewController.h; sourceTree = "<group>"; };
		935DC7A718F8FC3600A42623 /* ViewController.m */ = {isa = PBXFileReference; lastKnownFileType = sourcecode.c.objc; path = ViewController.m; sourceTree = "<group>"; };
		935DC7A918F8FC3600A42623 /* Images.xcassets */ = {isa = PBXFileReference; lastKnownFileType = folder.assetcatalog; path = Images.xcassets; sourceTree = "<group>"; };
		935DC7AF18F8FC3700A42623 /* LAHacksTests.xctest */ = {isa = PBXFileReference; explicitFileType = wrapper.cfbundle; includeInIndex = 0; path = LAHacksTests.xctest; sourceTree = BUILT_PRODUCTS_DIR; };
		935DC7B018F8FC3700A42623 /* XCTest.framework */ = {isa = PBXFileReference; lastKnownFileType = wrapper.framework; name = XCTest.framework; path = Library/Frameworks/XCTest.framework; sourceTree = DEVELOPER_DIR; };
		935DC7B818F8FC3700A42623 /* LAHacksTests-Info.plist */ = {isa = PBXFileReference; lastKnownFileType = text.plist.xml; path = "LAHacksTests-Info.plist"; sourceTree = "<group>"; };
		935DC7BA18F8FC3700A42623 /* en */ = {isa = PBXFileReference; lastKnownFileType = text.plist.strings; name = en; path = en.lproj/InfoPlist.strings; sourceTree = "<group>"; };
		935DC7BC18F8FC3700A42623 /* LAHacksTests.m */ = {isa = PBXFileReference; lastKnownFileType = sourcecode.c.objc; path = LAHacksTests.m; sourceTree = "<group>"; };
		935DC7C918F8FF4200A42623 /* SearchBar.png */ = {isa = PBXFileReference; lastKnownFileType = image.png; path = SearchBar.png; sourceTree = "<group>"; };
		935DC7CC18F907B800A42623 /* AEFloatConverter.h */ = {isa = PBXFileReference; fileEncoding = 4; lastKnownFileType = sourcecode.c.h; path = AEFloatConverter.h; sourceTree = "<group>"; };
		935DC7CD18F907B800A42623 /* AEFloatConverter.m */ = {isa = PBXFileReference; fileEncoding = 4; lastKnownFileType = sourcecode.c.objc; path = AEFloatConverter.m; sourceTree = "<group>"; };
		935DC7CE18F907B800A42623 /* EZAudio.h */ = {isa = PBXFileReference; fileEncoding = 4; lastKnownFileType = sourcecode.c.h; path = EZAudio.h; sourceTree = "<group>"; };
		935DC7CF18F907B800A42623 /* EZAudio.m */ = {isa = PBXFileReference; fileEncoding = 4; lastKnownFileType = sourcecode.c.objc; path = EZAudio.m; sourceTree = "<group>"; };
		935DC7D018F907B800A42623 /* EZAudioFile.h */ = {isa = PBXFileReference; fileEncoding = 4; lastKnownFileType = sourcecode.c.h; path = EZAudioFile.h; sourceTree = "<group>"; };
		935DC7D118F907B800A42623 /* EZAudioFile.m */ = {isa = PBXFileReference; fileEncoding = 4; lastKnownFileType = sourcecode.c.objc; path = EZAudioFile.m; sourceTree = "<group>"; };
		935DC7D218F907B800A42623 /* EZAudioPlayer.h */ = {isa = PBXFileReference; fileEncoding = 4; lastKnownFileType = sourcecode.c.h; path = EZAudioPlayer.h; sourceTree = "<group>"; };
		935DC7D318F907B800A42623 /* EZAudioPlayer.m */ = {isa = PBXFileReference; fileEncoding = 4; lastKnownFileType = sourcecode.c.objc; path = EZAudioPlayer.m; sourceTree = "<group>"; };
		935DC7D418F907B800A42623 /* EZAudioPlot.h */ = {isa = PBXFileReference; fileEncoding = 4; lastKnownFileType = sourcecode.c.h; path = EZAudioPlot.h; sourceTree = "<group>"; };
		935DC7D518F907B800A42623 /* EZAudioPlot.m */ = {isa = PBXFileReference; fileEncoding = 4; lastKnownFileType = sourcecode.c.objc; path = EZAudioPlot.m; sourceTree = "<group>"; };
		935DC7D618F907B800A42623 /* EZAudioPlotGL.h */ = {isa = PBXFileReference; fileEncoding = 4; lastKnownFileType = sourcecode.c.h; path = EZAudioPlotGL.h; sourceTree = "<group>"; };
		935DC7D718F907B800A42623 /* EZAudioPlotGL.m */ = {isa = PBXFileReference; fileEncoding = 4; lastKnownFileType = sourcecode.c.objc; path = EZAudioPlotGL.m; sourceTree = "<group>"; };
		935DC7D818F907B800A42623 /* EZAudioPlotGLKViewController.h */ = {isa = PBXFileReference; fileEncoding = 4; lastKnownFileType = sourcecode.c.h; path = EZAudioPlotGLKViewController.h; sourceTree = "<group>"; };
		935DC7D918F907B800A42623 /* EZAudioPlotGLKViewController.m */ = {isa = PBXFileReference; fileEncoding = 4; lastKnownFileType = sourcecode.c.objc; path = EZAudioPlotGLKViewController.m; sourceTree = "<group>"; };
		935DC7DA18F907B800A42623 /* EZMicrophone.h */ = {isa = PBXFileReference; fileEncoding = 4; lastKnownFileType = sourcecode.c.h; path = EZMicrophone.h; sourceTree = "<group>"; };
		935DC7DB18F907B800A42623 /* EZMicrophone.m */ = {isa = PBXFileReference; fileEncoding = 4; lastKnownFileType = sourcecode.c.objc; path = EZMicrophone.m; sourceTree = "<group>"; };
		935DC7DC18F907B800A42623 /* EZOutput.h */ = {isa = PBXFileReference; fileEncoding = 4; lastKnownFileType = sourcecode.c.h; path = EZOutput.h; sourceTree = "<group>"; };
		935DC7DD18F907B800A42623 /* EZOutput.m */ = {isa = PBXFileReference; fileEncoding = 4; lastKnownFileType = sourcecode.c.objc; path = EZOutput.m; sourceTree = "<group>"; };
		935DC7DE18F907B800A42623 /* EZPlot.h */ = {isa = PBXFileReference; fileEncoding = 4; lastKnownFileType = sourcecode.c.h; path = EZPlot.h; sourceTree = "<group>"; };
		935DC7DF18F907B800A42623 /* EZPlot.m */ = {isa = PBXFileReference; fileEncoding = 4; lastKnownFileType = sourcecode.c.objc; path = EZPlot.m; sourceTree = "<group>"; };
		935DC7E018F907B800A42623 /* EZRecorder.h */ = {isa = PBXFileReference; fileEncoding = 4; lastKnownFileType = sourcecode.c.h; path = EZRecorder.h; sourceTree = "<group>"; };
		935DC7E118F907B800A42623 /* EZRecorder.m */ = {isa = PBXFileReference; fileEncoding = 4; lastKnownFileType = sourcecode.c.objc; path = EZRecorder.m; sourceTree = "<group>"; };
		935DC7E218F907B800A42623 /* TPCircularBuffer.c */ = {isa = PBXFileReference; fileEncoding = 4; lastKnownFileType = sourcecode.c.c; path = TPCircularBuffer.c; sourceTree = "<group>"; };
		935DC7E318F907B800A42623 /* TPCircularBuffer.h */ = {isa = PBXFileReference; fileEncoding = 4; lastKnownFileType = sourcecode.c.h; path = TPCircularBuffer.h; sourceTree = "<group>"; };
		935DC7E518F907B800A42623 /* CHANGELOG */ = {isa = PBXFileReference; fileEncoding = 4; lastKnownFileType = text; path = CHANGELOG; sourceTree = "<group>"; };
		935DC7E618F907B800A42623 /* VERSION */ = {isa = PBXFileReference; fileEncoding = 4; lastKnownFileType = text; path = VERSION; sourceTree = "<group>"; };
		935DC7F818F9115700A42623 /* RecordViewController.h */ = {isa = PBXFileReference; fileEncoding = 4; lastKnownFileType = sourcecode.c.h; path = RecordViewController.h; sourceTree = "<group>"; };
		935DC7F918F9115700A42623 /* RecordViewController.m */ = {isa = PBXFileReference; fileEncoding = 4; lastKnownFileType = sourcecode.c.objc; path = RecordViewController.m; sourceTree = "<group>"; };
		B86D4F0D18F93E390048F5A3 /* searchBar.h */ = {isa = PBXFileReference; fileEncoding = 4; lastKnownFileType = sourcecode.c.h; path = searchBar.h; sourceTree = "<group>"; };
		B86D4F0E18F93E390048F5A3 /* searchBar.m */ = {isa = PBXFileReference; fileEncoding = 4; lastKnownFileType = sourcecode.c.objc; path = searchBar.m; sourceTree = "<group>"; };
		B86D4F1218F942C10048F5A3 /* searchBG.png */ = {isa = PBXFileReference; lastKnownFileType = image.png; path = searchBG.png; sourceTree = "<group>"; };
		B86D4F1418F953020048F5A3 /* magnifyingGlass.png */ = {isa = PBXFileReference; lastKnownFileType = image.png; path = magnifyingGlass.png; sourceTree = "<group>"; };
		B86D4F1618F957A20048F5A3 /* mainBackground.png */ = {isa = PBXFileReference; lastKnownFileType = image.png; path = mainBackground.png; sourceTree = "<group>"; };
		B86D4F1818F967510048F5A3 /* categoryTiles.h */ = {isa = PBXFileReference; fileEncoding = 4; lastKnownFileType = sourcecode.c.h; path = categoryTiles.h; sourceTree = "<group>"; };
		B86D4F1918F967510048F5A3 /* categoryTiles.m */ = {isa = PBXFileReference; fileEncoding = 4; lastKnownFileType = sourcecode.c.objc; path = categoryTiles.m; sourceTree = "<group>"; };
		B86D4F1B18F99F770048F5A3 /* Rdio.framework */ = {isa = PBXFileReference; lastKnownFileType = wrapper.framework; name = Rdio.framework; path = "rdio-ios-1.3.6/Rdio.framework"; sourceTree = "<group>"; };
		B86D4F1D18F9A0A40048F5A3 /* SystemConfiguration.framework */ = {isa = PBXFileReference; lastKnownFileType = wrapper.framework; name = SystemConfiguration.framework; path = System/Library/Frameworks/SystemConfiguration.framework; sourceTree = SDKROOT; };
/* End PBXFileReference section */

/* Begin PBXFrameworksBuildPhase section */
		935DC78B18F8FC3600A42623 /* Frameworks */ = {
			isa = PBXFrameworksBuildPhase;
			buildActionMask = 2147483647;
			files = (
				B86D4F1E18F9A0A40048F5A3 /* SystemConfiguration.framework in Frameworks */,
				B86D4F1C18F99F770048F5A3 /* Rdio.framework in Frameworks */,
				935DC79418F8FC3600A42623 /* CoreGraphics.framework in Frameworks */,
				935DC79618F8FC3600A42623 /* UIKit.framework in Frameworks */,
				935DC79218F8FC3600A42623 /* Foundation.framework in Frameworks */,
			);
			runOnlyForDeploymentPostprocessing = 0;
		};
		935DC7AC18F8FC3700A42623 /* Frameworks */ = {
			isa = PBXFrameworksBuildPhase;
			buildActionMask = 2147483647;
			files = (
				935DC7B118F8FC3700A42623 /* XCTest.framework in Frameworks */,
				935DC7B318F8FC3700A42623 /* UIKit.framework in Frameworks */,
				935DC7B218F8FC3700A42623 /* Foundation.framework in Frameworks */,
			);
			runOnlyForDeploymentPostprocessing = 0;
		};
/* End PBXFrameworksBuildPhase section */

/* Begin PBXGroup section */
		935DC78518F8FC3600A42623 = {
			isa = PBXGroup;
			children = (
				935DC79718F8FC3600A42623 /* LAHacks */,
				935DC7B618F8FC3700A42623 /* LAHacksTests */,
				935DC79018F8FC3600A42623 /* Frameworks */,
				935DC78F18F8FC3600A42623 /* Products */,
			);
			sourceTree = "<group>";
		};
		935DC78F18F8FC3600A42623 /* Products */ = {
			isa = PBXGroup;
			children = (
				935DC78E18F8FC3600A42623 /* LAHacks.app */,
				935DC7AF18F8FC3700A42623 /* LAHacksTests.xctest */,
			);
			name = Products;
			sourceTree = "<group>";
		};
		935DC79018F8FC3600A42623 /* Frameworks */ = {
			isa = PBXGroup;
			children = (
				B86D4F1D18F9A0A40048F5A3 /* SystemConfiguration.framework */,
				B86D4F1B18F99F770048F5A3 /* Rdio.framework */,
				935DC7FF18F9426B00A42623 /* rdio-ios-1.3.6 */,
				935DC79118F8FC3600A42623 /* Foundation.framework */,
				935DC79318F8FC3600A42623 /* CoreGraphics.framework */,
				935DC79518F8FC3600A42623 /* UIKit.framework */,
				935DC7B018F8FC3700A42623 /* XCTest.framework */,
			);
			name = Frameworks;
			sourceTree = "<group>";
		};
		935DC79718F8FC3600A42623 /* LAHacks */ = {
			isa = PBXGroup;
			children = (
				935DC7A018F8FC3600A42623 /* AppDelegate.h */,
				935DC7A118F8FC3600A42623 /* AppDelegate.m */,
				935DC7A318F8FC3600A42623 /* Main.storyboard */,
				B86D4F0D18F93E390048F5A3 /* searchBar.h */,
				B86D4F0E18F93E390048F5A3 /* searchBar.m */,
				935DC7A618F8FC3600A42623 /* ViewController.h */,
				935DC7A718F8FC3600A42623 /* ViewController.m */,
				B86D4F1818F967510048F5A3 /* categoryTiles.h */,
				B86D4F1918F967510048F5A3 /* categoryTiles.m */,
				935DC7F818F9115700A42623 /* RecordViewController.h */,
				935DC7F918F9115700A42623 /* RecordViewController.m */,
				935DC7A918F8FC3600A42623 /* Images.xcassets */,
				935DC7C618F8FD7C00A42623 /* Images */,
				935DC79818F8FC3600A42623 /* Supporting Files */,
				935DC7CB18F907B800A42623 /* EZAudio */,
			);
			path = LAHacks;
			sourceTree = "<group>";
		};
		935DC79818F8FC3600A42623 /* Supporting Files */ = {
			isa = PBXGroup;
			children = (
				935DC79918F8FC3600A42623 /* LAHacks-Info.plist */,
				935DC79A18F8FC3600A42623 /* InfoPlist.strings */,
				935DC79D18F8FC3600A42623 /* main.m */,
				935DC79F18F8FC3600A42623 /* LAHacks-Prefix.pch */,
			);
			name = "Supporting Files";
			sourceTree = "<group>";
		};
		935DC7B618F8FC3700A42623 /* LAHacksTests */ = {
			isa = PBXGroup;
			children = (
				935DC7BC18F8FC3700A42623 /* LAHacksTests.m */,
				935DC7B718F8FC3700A42623 /* Supporting Files */,
			);
			path = LAHacksTests;
			sourceTree = "<group>";
		};
		935DC7B718F8FC3700A42623 /* Supporting Files */ = {
			isa = PBXGroup;
			children = (
				9310A5DF18F9ADE500AFC475 /* LAHacks.sqlite */,
				935DC7B818F8FC3700A42623 /* LAHacksTests-Info.plist */,
				935DC7B918F8FC3700A42623 /* InfoPlist.strings */,
			);
			name = "Supporting Files";
			sourceTree = "<group>";
		};
		935DC7C618F8FD7C00A42623 /* Images */ = {
			isa = PBXGroup;
			children = (
				B86D4F1618F957A20048F5A3 /* mainBackground.png */,
				B86D4F1418F953020048F5A3 /* magnifyingGlass.png */,
				B86D4F1218F942C10048F5A3 /* searchBG.png */,
				935DC7C918F8FF4200A42623 /* SearchBar.png */,
				933298C618F9666B00DECBED /* PlayButton.png */,
			);
			name = Images;
			sourceTree = "<group>";
		};
		935DC7CB18F907B800A42623 /* EZAudio */ = {
			isa = PBXGroup;
			children = (
				935DC7CC18F907B800A42623 /* AEFloatConverter.h */,
				935DC7CD18F907B800A42623 /* AEFloatConverter.m */,
				935DC7CE18F907B800A42623 /* EZAudio.h */,
				935DC7CF18F907B800A42623 /* EZAudio.m */,
				935DC7D018F907B800A42623 /* EZAudioFile.h */,
				935DC7D118F907B800A42623 /* EZAudioFile.m */,
				935DC7D218F907B800A42623 /* EZAudioPlayer.h */,
				935DC7D318F907B800A42623 /* EZAudioPlayer.m */,
				935DC7D418F907B800A42623 /* EZAudioPlot.h */,
				935DC7D518F907B800A42623 /* EZAudioPlot.m */,
				935DC7D618F907B800A42623 /* EZAudioPlotGL.h */,
				935DC7D718F907B800A42623 /* EZAudioPlotGL.m */,
				935DC7D818F907B800A42623 /* EZAudioPlotGLKViewController.h */,
				935DC7D918F907B800A42623 /* EZAudioPlotGLKViewController.m */,
				935DC7DA18F907B800A42623 /* EZMicrophone.h */,
				935DC7DB18F907B800A42623 /* EZMicrophone.m */,
				935DC7DC18F907B800A42623 /* EZOutput.h */,
				935DC7DD18F907B800A42623 /* EZOutput.m */,
				935DC7DE18F907B800A42623 /* EZPlot.h */,
				935DC7DF18F907B800A42623 /* EZPlot.m */,
				935DC7E018F907B800A42623 /* EZRecorder.h */,
				935DC7E118F907B800A42623 /* EZRecorder.m */,
				935DC7E218F907B800A42623 /* TPCircularBuffer.c */,
				935DC7E318F907B800A42623 /* TPCircularBuffer.h */,
				935DC7E418F907B800A42623 /* VERSION */,
			);
			path = EZAudio;
			sourceTree = "<group>";
		};
		935DC7E418F907B800A42623 /* VERSION */ = {
			isa = PBXGroup;
			children = (
				935DC7E518F907B800A42623 /* CHANGELOG */,
				935DC7E618F907B800A42623 /* VERSION */,
			);
			path = VERSION;
			sourceTree = "<group>";
		};
		935DC7FF18F9426B00A42623 /* rdio-ios-1.3.6 */ = {
			isa = PBXGroup;
			children = (
				935DC80018F9426B00A42623 /* docs */,
			);
			path = "rdio-ios-1.3.6";
			sourceTree = "<group>";
		};
		935DC80018F9426B00A42623 /* docs */ = {
			isa = PBXGroup;
			children = (
			);
			path = docs;
			sourceTree = "<group>";
		};
/* End PBXGroup section */

/* Begin PBXNativeTarget section */
		935DC78D18F8FC3600A42623 /* LAHacks */ = {
			isa = PBXNativeTarget;
			buildConfigurationList = 935DC7C018F8FC3700A42623 /* Build configuration list for PBXNativeTarget "LAHacks" */;
			buildPhases = (
				935DC78A18F8FC3600A42623 /* Sources */,
				935DC78B18F8FC3600A42623 /* Frameworks */,
				935DC78C18F8FC3600A42623 /* Resources */,
			);
			buildRules = (
			);
			dependencies = (
			);
			name = LAHacks;
			productName = LAHacks;
			productReference = 935DC78E18F8FC3600A42623 /* LAHacks.app */;
			productType = "com.apple.product-type.application";
		};
		935DC7AE18F8FC3700A42623 /* LAHacksTests */ = {
			isa = PBXNativeTarget;
			buildConfigurationList = 935DC7C318F8FC3700A42623 /* Build configuration list for PBXNativeTarget "LAHacksTests" */;
			buildPhases = (
				935DC7AB18F8FC3700A42623 /* Sources */,
				935DC7AC18F8FC3700A42623 /* Frameworks */,
				935DC7AD18F8FC3700A42623 /* Resources */,
			);
			buildRules = (
			);
			dependencies = (
				935DC7B518F8FC3700A42623 /* PBXTargetDependency */,
			);
			name = LAHacksTests;
			productName = LAHacksTests;
			productReference = 935DC7AF18F8FC3700A42623 /* LAHacksTests.xctest */;
			productType = "com.apple.product-type.bundle.unit-test";
		};
/* End PBXNativeTarget section */

/* Begin PBXProject section */
		935DC78618F8FC3600A42623 /* Project object */ = {
			isa = PBXProject;
			attributes = {
				LastUpgradeCheck = 0510;
				ORGANIZATIONNAME = LaHacks;
				TargetAttributes = {
					935DC78D18F8FC3600A42623 = {
						DevelopmentTeam = W735WRNN72;
					};
					935DC7AE18F8FC3700A42623 = {
						TestTargetID = 935DC78D18F8FC3600A42623;
					};
				};
			};
			buildConfigurationList = 935DC78918F8FC3600A42623 /* Build configuration list for PBXProject "LAHacks" */;
			compatibilityVersion = "Xcode 3.2";
			developmentRegion = English;
			hasScannedForEncodings = 0;
			knownRegions = (
				en,
				Base,
			);
			mainGroup = 935DC78518F8FC3600A42623;
			productRefGroup = 935DC78F18F8FC3600A42623 /* Products */;
			projectDirPath = "";
			projectRoot = "";
			targets = (
				935DC78D18F8FC3600A42623 /* LAHacks */,
				935DC7AE18F8FC3700A42623 /* LAHacksTests */,
			);
		};
/* End PBXProject section */

/* Begin PBXResourcesBuildPhase section */
		935DC78C18F8FC3600A42623 /* Resources */ = {
			isa = PBXResourcesBuildPhase;
			buildActionMask = 2147483647;
			files = (
				935DC7AA18F8FC3600A42623 /* Images.xcassets in Resources */,
				B86D4F1718F957A20048F5A3 /* mainBackground.png in Resources */,
				B86D4F1518F953020048F5A3 /* magnifyingGlass.png in Resources */,
				935DC79C18F8FC3600A42623 /* InfoPlist.strings in Resources */,
				933298C718F9666B00DECBED /* PlayButton.png in Resources */,
				9310A5E018F9ADE500AFC475 /* LAHacks.sqlite in Resources */,
				935DC7A518F8FC3600A42623 /* Main.storyboard in Resources */,
				935DC7F418F907B800A42623 /* VERSION in Resources */,
				935DC7CA18F8FF4200A42623 /* SearchBar.png in Resources */,
				B86D4F1318F942C10048F5A3 /* searchBG.png in Resources */,
				935DC7F318F907B800A42623 /* CHANGELOG in Resources */,
			);
			runOnlyForDeploymentPostprocessing = 0;
		};
		935DC7AD18F8FC3700A42623 /* Resources */ = {
			isa = PBXResourcesBuildPhase;
			buildActionMask = 2147483647;
			files = (
				935DC7BB18F8FC3700A42623 /* InfoPlist.strings in Resources */,
			);
			runOnlyForDeploymentPostprocessing = 0;
		};
/* End PBXResourcesBuildPhase section */

/* Begin PBXSourcesBuildPhase section */
		935DC78A18F8FC3600A42623 /* Sources */ = {
			isa = PBXSourcesBuildPhase;
			buildActionMask = 2147483647;
			files = (
				935DC7ED18F907B800A42623 /* EZAudioPlotGLKViewController.m in Sources */,
				935DC7EF18F907B800A42623 /* EZOutput.m in Sources */,
				935DC7EB18F907B800A42623 /* EZAudioPlot.m in Sources */,
				935DC7F218F907B800A42623 /* TPCircularBuffer.c in Sources */,
				935DC7A818F8FC3600A42623 /* ViewController.m in Sources */,
				935DC7EA18F907B800A42623 /* EZAudioPlayer.m in Sources */,
				935DC7E718F907B800A42623 /* AEFloatConverter.m in Sources */,
				B86D4F0F18F93E390048F5A3 /* searchBar.m in Sources */,
				935DC7A218F8FC3600A42623 /* AppDelegate.m in Sources */,
				935DC7EC18F907B800A42623 /* EZAudioPlotGL.m in Sources */,
				935DC7E918F907B800A42623 /* EZAudioFile.m in Sources */,
				935DC79E18F8FC3600A42623 /* main.m in Sources */,
				935DC7F118F907B800A42623 /* EZRecorder.m in Sources */,
				B86D4F1A18F967510048F5A3 /* categoryTiles.m in Sources */,
				935DC7E818F907B800A42623 /* EZAudio.m in Sources */,
				935DC7EE18F907B800A42623 /* EZMicrophone.m in Sources */,
				935DC7F018F907B800A42623 /* EZPlot.m in Sources */,
				935DC7FA18F9115700A42623 /* RecordViewController.m in Sources */,
			);
			runOnlyForDeploymentPostprocessing = 0;
		};
		935DC7AB18F8FC3700A42623 /* Sources */ = {
			isa = PBXSourcesBuildPhase;
			buildActionMask = 2147483647;
			files = (
				935DC7BD18F8FC3700A42623 /* LAHacksTests.m in Sources */,
			);
			runOnlyForDeploymentPostprocessing = 0;
		};
/* End PBXSourcesBuildPhase section */

/* Begin PBXTargetDependency section */
		935DC7B518F8FC3700A42623 /* PBXTargetDependency */ = {
			isa = PBXTargetDependency;
			target = 935DC78D18F8FC3600A42623 /* LAHacks */;
			targetProxy = 935DC7B418F8FC3700A42623 /* PBXContainerItemProxy */;
		};
/* End PBXTargetDependency section */

/* Begin PBXVariantGroup section */
		935DC79A18F8FC3600A42623 /* InfoPlist.strings */ = {
			isa = PBXVariantGroup;
			children = (
				935DC79B18F8FC3600A42623 /* en */,
			);
			name = InfoPlist.strings;
			sourceTree = "<group>";
		};
		935DC7A318F8FC3600A42623 /* Main.storyboard */ = {
			isa = PBXVariantGroup;
			children = (
				935DC7A418F8FC3600A42623 /* Base */,
			);
			name = Main.storyboard;
			sourceTree = "<group>";
		};
		935DC7B918F8FC3700A42623 /* InfoPlist.strings */ = {
			isa = PBXVariantGroup;
			children = (
				935DC7BA18F8FC3700A42623 /* en */,
			);
			name = InfoPlist.strings;
			sourceTree = "<group>";
		};
/* End PBXVariantGroup section */

/* Begin XCBuildConfiguration section */
		935DC7BE18F8FC3700A42623 /* Debug */ = {
			isa = XCBuildConfiguration;
			buildSettings = {
				ALWAYS_SEARCH_USER_PATHS = NO;
				CLANG_CXX_LANGUAGE_STANDARD = "gnu++0x";
				CLANG_CXX_LIBRARY = "libc++";
				CLANG_ENABLE_MODULES = YES;
				CLANG_ENABLE_OBJC_ARC = YES;
				CLANG_WARN_BOOL_CONVERSION = YES;
				CLANG_WARN_CONSTANT_CONVERSION = YES;
				CLANG_WARN_DIRECT_OBJC_ISA_USAGE = YES_ERROR;
				CLANG_WARN_EMPTY_BODY = YES;
				CLANG_WARN_ENUM_CONVERSION = YES;
				CLANG_WARN_INT_CONVERSION = YES;
				CLANG_WARN_OBJC_ROOT_CLASS = YES_ERROR;
				CLANG_WARN__DUPLICATE_METHOD_MATCH = YES;
				"CODE_SIGN_IDENTITY[sdk=iphoneos*]" = "iPhone Developer";
				COPY_PHASE_STRIP = NO;
				GCC_C_LANGUAGE_STANDARD = gnu99;
				GCC_DYNAMIC_NO_PIC = NO;
				GCC_OPTIMIZATION_LEVEL = 0;
				GCC_PREPROCESSOR_DEFINITIONS = (
					"DEBUG=1",
					"$(inherited)",
				);
				GCC_SYMBOLS_PRIVATE_EXTERN = NO;
				GCC_WARN_64_TO_32_BIT_CONVERSION = YES;
				GCC_WARN_ABOUT_RETURN_TYPE = YES_ERROR;
				GCC_WARN_UNDECLARED_SELECTOR = YES;
				GCC_WARN_UNINITIALIZED_AUTOS = YES;
				GCC_WARN_UNUSED_FUNCTION = YES;
				GCC_WARN_UNUSED_VARIABLE = YES;
				IPHONEOS_DEPLOYMENT_TARGET = 7.0;
				ONLY_ACTIVE_ARCH = YES;
				SDKROOT = iphoneos;
			};
			name = Debug;
		};
		935DC7BF18F8FC3700A42623 /* Release */ = {
			isa = XCBuildConfiguration;
			buildSettings = {
				ALWAYS_SEARCH_USER_PATHS = NO;
				CLANG_CXX_LANGUAGE_STANDARD = "gnu++0x";
				CLANG_CXX_LIBRARY = "libc++";
				CLANG_ENABLE_MODULES = YES;
				CLANG_ENABLE_OBJC_ARC = YES;
				CLANG_WARN_BOOL_CONVERSION = YES;
				CLANG_WARN_CONSTANT_CONVERSION = YES;
				CLANG_WARN_DIRECT_OBJC_ISA_USAGE = YES_ERROR;
				CLANG_WARN_EMPTY_BODY = YES;
				CLANG_WARN_ENUM_CONVERSION = YES;
				CLANG_WARN_INT_CONVERSION = YES;
				CLANG_WARN_OBJC_ROOT_CLASS = YES_ERROR;
				CLANG_WARN__DUPLICATE_METHOD_MATCH = YES;
				"CODE_SIGN_IDENTITY[sdk=iphoneos*]" = "iPhone Developer";
				COPY_PHASE_STRIP = YES;
				ENABLE_NS_ASSERTIONS = NO;
				GCC_C_LANGUAGE_STANDARD = gnu99;
				GCC_WARN_64_TO_32_BIT_CONVERSION = YES;
				GCC_WARN_ABOUT_RETURN_TYPE = YES_ERROR;
				GCC_WARN_UNDECLARED_SELECTOR = YES;
				GCC_WARN_UNINITIALIZED_AUTOS = YES;
				GCC_WARN_UNUSED_FUNCTION = YES;
				GCC_WARN_UNUSED_VARIABLE = YES;
				IPHONEOS_DEPLOYMENT_TARGET = 7.0;
				SDKROOT = iphoneos;
				VALIDATE_PRODUCT = YES;
			};
			name = Release;
		};
		935DC7C118F8FC3700A42623 /* Debug */ = {
			isa = XCBuildConfiguration;
			buildSettings = {
				ASSETCATALOG_COMPILER_APPICON_NAME = AppIcon;
				ASSETCATALOG_COMPILER_LAUNCHIMAGE_NAME = LaunchImage;
				CODE_SIGN_IDENTITY = "iPhone Distribution: Aryaman Sharda (W735WRNN72)";
				"CODE_SIGN_IDENTITY[sdk=iphoneos*]" = "iPhone Developer: Aryaman Sharda (85TX29GWD7)";
				FRAMEWORK_SEARCH_PATHS = (
					"$(inherited)",
					"$(PROJECT_DIR)/rdio-ios-1.3.6",
				);
				GCC_PRECOMPILE_PREFIX_HEADER = YES;
				GCC_PREFIX_HEADER = "LAHacks/LAHacks-Prefix.pch";
				INFOPLIST_FILE = "LAHacks/LAHacks-Info.plist";
				"OTHER_LDFLAGS[arch=*]" = " -all_load";
				PRODUCT_NAME = "$(TARGET_NAME)";
				PROVISIONING_PROFILE = "C4E2A007-EE48-4B2E-B5A2-DBFBE26E6305";
				WRAPPER_EXTENSION = app;
			};
			name = Debug;
		};
		935DC7C218F8FC3700A42623 /* Release */ = {
			isa = XCBuildConfiguration;
			buildSettings = {
				ASSETCATALOG_COMPILER_APPICON_NAME = AppIcon;
				ASSETCATALOG_COMPILER_LAUNCHIMAGE_NAME = LaunchImage;
				CODE_SIGN_IDENTITY = "iPhone Distribution: Aryaman Sharda (W735WRNN72)";
				"CODE_SIGN_IDENTITY[sdk=iphoneos*]" = "iPhone Distribution: Aryaman Sharda (W735WRNN72)";
				FRAMEWORK_SEARCH_PATHS = (
					"$(inherited)",
					"$(PROJECT_DIR)/rdio-ios-1.3.6",
				);
				GCC_PRECOMPILE_PREFIX_HEADER = YES;
				GCC_PREFIX_HEADER = "LAHacks/LAHacks-Prefix.pch";
				INFOPLIST_FILE = "LAHacks/LAHacks-Info.plist";
				"OTHER_LDFLAGS[arch=*]" = " -all_load";
				PRODUCT_NAME = "$(TARGET_NAME)";
				PROVISIONING_PROFILE = "C4E2A007-EE48-4B2E-B5A2-DBFBE26E6305";
				WRAPPER_EXTENSION = app;
			};
			name = Release;
		};
		935DC7C418F8FC3700A42623 /* Debug */ = {
			isa = XCBuildConfiguration;
			buildSettings = {
				BUNDLE_LOADER = "$(BUILT_PRODUCTS_DIR)/LAHacks.app/LAHacks";
				FRAMEWORK_SEARCH_PATHS = (
					"$(SDKROOT)/Developer/Library/Frameworks",
					"$(inherited)",
					"$(DEVELOPER_FRAMEWORKS_DIR)",
				);
				GCC_PRECOMPILE_PREFIX_HEADER = YES;
				GCC_PREFIX_HEADER = "LAHacks/LAHacks-Prefix.pch";
				GCC_PREPROCESSOR_DEFINITIONS = (
					"DEBUG=1",
					"$(inherited)",
				);
				INFOPLIST_FILE = "LAHacksTests/LAHacksTests-Info.plist";
				PRODUCT_NAME = "$(TARGET_NAME)";
				TEST_HOST = "$(BUNDLE_LOADER)";
				WRAPPER_EXTENSION = xctest;
			};
			name = Debug;
		};
		935DC7C518F8FC3700A42623 /* Release */ = {
			isa = XCBuildConfiguration;
			buildSettings = {
				BUNDLE_LOADER = "$(BUILT_PRODUCTS_DIR)/LAHacks.app/LAHacks";
				FRAMEWORK_SEARCH_PATHS = (
					"$(SDKROOT)/Developer/Library/Frameworks",
					"$(inherited)",
					"$(DEVELOPER_FRAMEWORKS_DIR)",
				);
				GCC_PRECOMPILE_PREFIX_HEADER = YES;
				GCC_PREFIX_HEADER = "LAHacks/LAHacks-Prefix.pch";
				INFOPLIST_FILE = "LAHacksTests/LAHacksTests-Info.plist";
				PRODUCT_NAME = "$(TARGET_NAME)";
				TEST_HOST = "$(BUNDLE_LOADER)";
				WRAPPER_EXTENSION = xctest;
			};
			name = Release;
		};
/* End XCBuildConfiguration section */

/* Begin XCConfigurationList section */
		935DC78918F8FC3600A42623 /* Build configuration list for PBXProject "LAHacks" */ = {
			isa = XCConfigurationList;
			buildConfigurations = (
				935DC7BE18F8FC3700A42623 /* Debug */,
				935DC7BF18F8FC3700A42623 /* Release */,
			);
			defaultConfigurationIsVisible = 0;
			defaultConfigurationName = Release;
		};
		935DC7C018F8FC3700A42623 /* Build configuration list for PBXNativeTarget "LAHacks" */ = {
			isa = XCConfigurationList;
			buildConfigurations = (
				935DC7C118F8FC3700A42623 /* Debug */,
				935DC7C218F8FC3700A42623 /* Release */,
			);
			defaultConfigurationIsVisible = 0;
			defaultConfigurationName = Release;
		};
		935DC7C318F8FC3700A42623 /* Build configuration list for PBXNativeTarget "LAHacksTests" */ = {
			isa = XCConfigurationList;
			buildConfigurations = (
				935DC7C418F8FC3700A42623 /* Debug */,
				935DC7C518F8FC3700A42623 /* Release */,
			);
			defaultConfigurationIsVisible = 0;
			defaultConfigurationName = Release;
		};
/* End XCConfigurationList section */
	};
	rootObject = 935DC78618F8FC3600A42623 /* Project object */;
}
