// !$*UTF8*$!
{
	archiveVersion = 1;
	classes = {
	};
	objectVersion = 46;
	objects = {

/* Begin PBXBuildFile section */
		935DC79218F8FC3600A42623 /* Foundation.framework in Frameworks */ = {isa = PBXBuildFile; fileRef = 935DC79118F8FC3600A42623 /* Foundation.framework */; };
		935DC79418F8FC3600A42623 /* CoreGraphics.framework in Frameworks */ = {isa = PBXBuildFile; fileRef = 935DC79318F8FC3600A42623 /* CoreGraphics.framework */; };
		935DC79618F8FC3600A42623 /* UIKit.framework in Frameworks */ = {isa = PBXBuildFile; fileRef = 935DC79518F8FC3600A42623 /* UIKit.framework */; };
		935DC79C18F8FC3600A42623 /* InfoPlist.strings in Resources */ = {isa = PBXBuildFile; fileRef = 935DC79A18F8FC3600A42623 /* InfoPlist.strings */; };
		935DC79E18F8FC3600A42623 /* main.m in Sources */ = {isa = PBXBuildFile; fileRef = 935DC79D18F8FC3600A42623 /* main.m */; };
		935DC7A218F8FC3600A42623 /* AppDelegate.m in Sources */ = {isa = PBXBuildFile; fileRef = 935DC7A118F8FC3600A42623 /* AppDelegate.m */; };
		935DC7A518F8FC3600A42623 /* Main.storyboard in Resources */ = {isa = PBXBuildFile; fileRef = 935DC7A318F8FC3600A42623 /* Main.storyboard */; };
		935DC7A818F8FC3600A42623 /* ViewController.m in Sources */ = {isa = PBXBuildFile; fileRef = 935DC7A718F8FC3600A42623 /* ViewController.m */; };
		935DC7AA18F8FC3600A42623 /* Images.xcassets in Resources */ = {isa = PBXBuildFile; fileRef = 935DC7A918F8FC3600A42623 /* Images.xcassets */; };
		935DC7B118F8FC3700A42623 /* XCTest.framework in Frameworks */ = {isa = PBXBuildFile; fileRef = 935DC7B018F8FC3700A42623 /* XCTest.framework */; };
		935DC7B218F8FC3700A42623 /* Foundation.framework in Frameworks */ = {isa = PBXBuildFile; fileRef = 935DC79118F8FC3600A42623 /* Foundation.framework */; };
		935DC7B318F8FC3700A42623 /* UIKit.framework in Frameworks */ = {isa = PBXBuildFile; fileRef = 935DC79518F8FC3600A42623 /* UIKit.framework */; };
		935DC7BB18F8FC3700A42623 /* InfoPlist.strings in Resources */ = {isa = PBXBuildFile; fileRef = 935DC7B918F8FC3700A42623 /* InfoPlist.strings */; };
		935DC7BD18F8FC3700A42623 /* LAHacksTests.m in Sources */ = {isa = PBXBuildFile; fileRef = 935DC7BC18F8FC3700A42623 /* LAHacksTests.m */; };
		935DC7CA18F8FF4200A42623 /* SearchBar.png in Resources */ = {isa = PBXBuildFile; fileRef = 935DC7C918F8FF4200A42623 /* SearchBar.png */; };
/* End PBXBuildFile section */

/* Begin PBXContainerItemProxy section */
		935DC7B418F8FC3700A42623 /* PBXContainerItemProxy */ = {
			isa = PBXContainerItemProxy;
			containerPortal = 935DC78618F8FC3600A42623 /* Project object */;
			proxyType = 1;
			remoteGlobalIDString = 935DC78D18F8FC3600A42623;
			remoteInfo = LAHacks;
		};
/* End PBXContainerItemProxy section */

/* Begin PBXFileReference section */
		935DC78E18F8FC3600A42623 /* LAHacks.app */ = {isa = PBXFileReference; explicitFileType = wrapper.application; includeInIndex = 0; path = LAHacks.app; sourceTree = BUILT_PRODUCTS_DIR; };
		935DC79118F8FC3600A42623 /* Foundation.framework */ = {isa = PBXFileReference; lastKnownFileType = wrapper.framework; name = Foundation.framework; path = System/Library/Frameworks/Foundation.framework; sourceTree = SDKROOT; };
		935DC79318F8FC3600A42623 /* CoreGraphics.framework */ = {isa = PBXFileReference; lastKnownFileType = wrapper.framework; name = CoreGraphics.framework; path = System/Library/Frameworks/CoreGraphics.framework; sourceTree = SDKROOT; };
		935DC79518F8FC3600A42623 /* UIKit.framework */ = {isa = PBXFileReference; lastKnownFileType = wrapper.framework; name = UIKit.framework; path = System/Library/Frameworks/UIKit.framework; sourceTree = SDKROOT; };
		935DC79918F8FC3600A42623 /* LAHacks-Info.plist */ = {isa = PBXFileReference; lastKnownFileType = text.plist.xml; path = "LAHacks-Info.plist"; sourceTree = "<group>"; };
		935DC79B18F8FC3600A42623 /* en */ = {isa = PBXFileReference; lastKnownFileType = text.plist.strings; name = en; path = en.lproj/InfoPlist.strings; sourceTree = "<group>"; };
		935DC79D18F8FC3600A42623 /* main.m */ = {isa = PBXFileReference; lastKnownFileType = sourcecode.c.objc; path = main.m; sourceTree = "<group>"; };
		935DC79F18F8FC3600A42623 /* LAHacks-Prefix.pch */ = {isa = PBXFileReference; lastKnownFileType = sourcecode.c.h; path = "LAHacks-Prefix.pch"; sourceTree = "<group>"; };
		935DC7A018F8FC3600A42623 /* AppDelegate.h */ = {isa = PBXFileReference; lastKnownFileType = sourcecode.c.h; path = AppDelegate.h; sourceTree = "<group>"; };
		935DC7A118F8FC3600A42623 /* AppDelegate.m */ = {isa = PBXFileReference; lastKnownFileType = sourcecode.c.objc; path = AppDelegate.m; sourceTree = "<group>"; };
		935DC7A418F8FC3600A42623 /* Base */ = {isa = PBXFileReference; lastKnownFileType = file.storyboard; name = Base; path = Base.lproj/Main.storyboard; sourceTree = "<group>"; };
		935DC7A618F8FC3600A42623 /* ViewController.h */ = {isa = PBXFileReference; lastKnownFileType = sourcecode.c.h; path = ViewController.h; sourceTree = "<group>"; };
		935DC7A718F8FC3600A42623 /* ViewController.m */ = {isa = PBXFileReference; lastKnownFileType = sourcecode.c.objc; path = ViewController.m; sourceTree = "<group>"; };
		935DC7A918F8FC3600A42623 /* Images.xcassets */ = {isa = PBXFileReference; lastKnownFileType = folder.assetcatalog; path = Images.xcassets; sourceTree = "<group>"; };
		935DC7AF18F8FC3700A42623 /* LAHacksTests.xctest */ = {isa = PBXFileReference; explicitFileType = wrapper.cfbundle; includeInIndex = 0; path = LAHacksTests.xctest; sourceTree = BUILT_PRODUCTS_DIR; };
		935DC7B018F8FC3700A42623 /* XCTest.framework */ = {isa = PBXFileReference; lastKnownFileType = wrapper.framework; name = XCTest.framework; path = Library/Frameworks/XCTest.framework; sourceTree = DEVELOPER_DIR; };
		935DC7B818F8FC3700A42623 /* LAHacksTests-Info.plist */ = {isa = PBXFileReference; lastKnownFileType = text.plist.xml; path = "LAHacksTests-Info.plist"; sourceTree = "<group>"; };
		935DC7BA18F8FC3700A42623 /* en */ = {isa = PBXFileReference; lastKnownFileType = text.plist.strings; name = en; path = en.lproj/InfoPlist.strings; sourceTree = "<group>"; };
		935DC7BC18F8FC3700A42623 /* LAHacksTests.m */ = {isa = PBXFileReference; lastKnownFileType = sourcecode.c.objc; path = LAHacksTests.m; sourceTree = "<group>"; };
		935DC7C918F8FF4200A42623 /* SearchBar.png */ = {isa = PBXFileReference; lastKnownFileType = image.png; path = SearchBar.png; sourceTree = "<group>"; };
/* End PBXFileReference section */

/* Begin PBXFrameworksBuildPhase section */
		935DC78B18F8FC3600A42623 /* Frameworks */ = {
			isa = PBXFrameworksBuildPhase;
			buildActionMask = 2147483647;
			files = (
				935DC79418F8FC3600A42623 /* CoreGraphics.framework in Frameworks */,
				935DC79618F8FC3600A42623 /* UIKit.framework in Frameworks */,
				935DC79218F8FC3600A42623 /* Foundation.framework in Frameworks */,
			);
			runOnlyForDeploymentPostprocessing = 0;
		};
		935DC7AC18F8FC3700A42623 /* Frameworks */ = {
			isa = PBXFrameworksBuildPhase;
			buildActionMask = 2147483647;
			files = (
				935DC7B118F8FC3700A42623 /* XCTest.framework in Frameworks */,
				935DC7B318F8FC3700A42623 /* UIKit.framework in Frameworks */,
				935DC7B218F8FC3700A42623 /* Foundation.framework in Frameworks */,
			);
			runOnlyForDeploymentPostprocessing = 0;
		};
/* End PBXFrameworksBuildPhase section */

/* Begin PBXGroup section */
		935DC78518F8FC3600A42623 = {
			isa = PBXGroup;
			children = (
				935DC79718F8FC3600A42623 /* LAHacks */,
				935DC7B618F8FC3700A42623 /* LAHacksTests */,
				935DC79018F8FC3600A42623 /* Frameworks */,
				935DC78F18F8FC3600A42623 /* Products */,
			);
			sourceTree = "<group>";
		};
		935DC78F18F8FC3600A42623 /* Products */ = {
			isa = PBXGroup;
			children = (
				935DC78E18F8FC3600A42623 /* LAHacks.app */,
				935DC7AF18F8FC3700A42623 /* LAHacksTests.xctest */,
			);
			name = Products;
			sourceTree = "<group>";
		};
		935DC79018F8FC3600A42623 /* Frameworks */ = {
			isa = PBXGroup;
			children = (
				935DC79118F8FC3600A42623 /* Foundation.framework */,
				935DC79318F8FC3600A42623 /* CoreGraphics.framework */,
				935DC79518F8FC3600A42623 /* UIKit.framework */,
				935DC7B018F8FC3700A42623 /* XCTest.framework */,
			);
			name = Frameworks;
			sourceTree = "<group>";
		};
		935DC79718F8FC3600A42623 /* LAHacks */ = {
			isa = PBXGroup;
			children = (
				935DC7A018F8FC3600A42623 /* AppDelegate.h */,
				935DC7A118F8FC3600A42623 /* AppDelegate.m */,
				935DC7A318F8FC3600A42623 /* Main.storyboard */,
				935DC7A618F8FC3600A42623 /* ViewController.h */,
				935DC7A718F8FC3600A42623 /* ViewController.m */,
				935DC7A918F8FC3600A42623 /* Images.xcassets */,
				935DC7C618F8FD7C00A42623 /* Images */,
				935DC79818F8FC3600A42623 /* Supporting Files */,
			);
			path = LAHacks;
			sourceTree = "<group>";
		};
		935DC79818F8FC3600A42623 /* Supporting Files */ = {
			isa = PBXGroup;
			children = (
				935DC79918F8FC3600A42623 /* LAHacks-Info.plist */,
				935DC79A18F8FC3600A42623 /* InfoPlist.strings */,
				935DC79D18F8FC3600A42623 /* main.m */,
				935DC79F18F8FC3600A42623 /* LAHacks-Prefix.pch */,
			);
			name = "Supporting Files";
			sourceTree = "<group>";
		};
		935DC7B618F8FC3700A42623 /* LAHacksTests */ = {
			isa = PBXGroup;
			children = (
				935DC7BC18F8FC3700A42623 /* LAHacksTests.m */,
				935DC7B718F8FC3700A42623 /* Supporting Files */,
			);
			path = LAHacksTests;
			sourceTree = "<group>";
		};
		935DC7B718F8FC3700A42623 /* Supporting Files */ = {
			isa = PBXGroup;
			children = (
				935DC7B818F8FC3700A42623 /* LAHacksTests-Info.plist */,
				935DC7B918F8FC3700A42623 /* InfoPlist.strings */,
			);
			name = "Supporting Files";
			sourceTree = "<group>";
		};
		935DC7C618F8FD7C00A42623 /* Images */ = {
			isa = PBXGroup;
			children = (
				935DC7C918F8FF4200A42623 /* SearchBar.png */,
			);
			name = Images;
			sourceTree = "<group>";
		};
/* End PBXGroup section */

/* Begin PBXNativeTarget section */
		935DC78D18F8FC3600A42623 /* LAHacks */ = {
			isa = PBXNativeTarget;
			buildConfigurationList = 935DC7C018F8FC3700A42623 /* Build configuration list for PBXNativeTarget "LAHacks" */;
			buildPhases = (
				935DC78A18F8FC3600A42623 /* Sources */,
				935DC78B18F8FC3600A42623 /* Frameworks */,
				935DC78C18F8FC3600A42623 /* Resources */,
			);
			buildRules = (
			);
			dependencies = (
			);
			name = LAHacks;
			productName = LAHacks;
			productReference = 935DC78E18F8FC3600A42623 /* LAHacks.app */;
			productType = "com.apple.product-type.application";
		};
		935DC7AE18F8FC3700A42623 /* LAHacksTests */ = {
			isa = PBXNativeTarget;
			buildConfigurationList = 935DC7C318F8FC3700A42623 /* Build configuration list for PBXNativeTarget "LAHacksTests" */;
			buildPhases = (
				935DC7AB18F8FC3700A42623 /* Sources */,
				935DC7AC18F8FC3700A42623 /* Frameworks */,
				935DC7AD18F8FC3700A42623 /* Resources */,
			);
			buildRules = (
			);
			dependencies = (
				935DC7B518F8FC3700A42623 /* PBXTargetDependency */,
			);
			name = LAHacksTests;
			productName = LAHacksTests;
			productReference = 935DC7AF18F8FC3700A42623 /* LAHacksTests.xctest */;
			productType = "com.apple.product-type.bundle.unit-test";
		};
/* End PBXNativeTarget section */

/* Begin PBXProject section */
		935DC78618F8FC3600A42623 /* Project object */ = {
			isa = PBXProject;
			attributes = {
				LastUpgradeCheck = 0500;
				ORGANIZATIONNAME = LaHacks;
				TargetAttributes = {
					935DC7AE18F8FC3700A42623 = {
						TestTargetID = 935DC78D18F8FC3600A42623;
					};
				};
			};
			buildConfigurationList = 935DC78918F8FC3600A42623 /* Build configuration list for PBXProject "LAHacks" */;
			compatibilityVersion = "Xcode 3.2";
			developmentRegion = English;
			hasScannedForEncodings = 0;
			knownRegions = (
				en,
				Base,
			);
			mainGroup = 935DC78518F8FC3600A42623;
			productRefGroup = 935DC78F18F8FC3600A42623 /* Products */;
			projectDirPath = "";
			projectRoot = "";
			targets = (
				935DC78D18F8FC3600A42623 /* LAHacks */,
				935DC7AE18F8FC3700A42623 /* LAHacksTests */,
			);
		};
/* End PBXProject section */

/* Begin PBXResourcesBuildPhase section */
		935DC78C18F8FC3600A42623 /* Resources */ = {
			isa = PBXResourcesBuildPhase;
			buildActionMask = 2147483647;
			files = (
				935DC7AA18F8FC3600A42623 /* Images.xcassets in Resources */,
				935DC79C18F8FC3600A42623 /* InfoPlist.strings in Resources */,
				935DC7A518F8FC3600A42623 /* Main.storyboard in Resources */,
				935DC7CA18F8FF4200A42623 /* SearchBar.png in Resources */,
			);
			runOnlyForDeploymentPostprocessing = 0;
		};
		935DC7AD18F8FC3700A42623 /* Resources */ = {
			isa = PBXResourcesBuildPhase;
			buildActionMask = 2147483647;
			files = (
				935DC7BB18F8FC3700A42623 /* InfoPlist.strings in Resources */,
			);
			runOnlyForDeploymentPostprocessing = 0;
		};
/* End PBXResourcesBuildPhase section */

/* Begin PBXSourcesBuildPhase section */
		935DC78A18F8FC3600A42623 /* Sources */ = {
			isa = PBXSourcesBuildPhase;
			buildActionMask = 2147483647;
			files = (
				935DC7A818F8FC3600A42623 /* ViewController.m in Sources */,
				935DC7A218F8FC3600A42623 /* AppDelegate.m in Sources */,
				935DC79E18F8FC3600A42623 /* main.m in Sources */,
			);
			runOnlyForDeploymentPostprocessing = 0;
		};
		935DC7AB18F8FC3700A42623 /* Sources */ = {
			isa = PBXSourcesBuildPhase;
			buildActionMask = 2147483647;
			files = (
				935DC7BD18F8FC3700A42623 /* LAHacksTests.m in Sources */,
			);
			runOnlyForDeploymentPostprocessing = 0;
		};
/* End PBXSourcesBuildPhase section */

/* Begin PBXTargetDependency section */
		935DC7B518F8FC3700A42623 /* PBXTargetDependency */ = {
			isa = PBXTargetDependency;
			target = 935DC78D18F8FC3600A42623 /* LAHacks */;
			targetProxy = 935DC7B418F8FC3700A42623 /* PBXContainerItemProxy */;
		};
/* End PBXTargetDependency section */

/* Begin PBXVariantGroup section */
		935DC79A18F8FC3600A42623 /* InfoPlist.strings */ = {
			isa = PBXVariantGroup;
			children = (
				935DC79B18F8FC3600A42623 /* en */,
			);
			name = InfoPlist.strings;
			sourceTree = "<group>";
		};
		935DC7A318F8FC3600A42623 /* Main.storyboard */ = {
			isa = PBXVariantGroup;
			children = (
				935DC7A418F8FC3600A42623 /* Base */,
			);
			name = Main.storyboard;
			sourceTree = "<group>";
		};
		935DC7B918F8FC3700A42623 /* InfoPlist.strings */ = {
			isa = PBXVariantGroup;
			children = (
				935DC7BA18F8FC3700A42623 /* en */,
			);
			name = InfoPlist.strings;
			sourceTree = "<group>";
		};
/* End PBXVariantGroup section */

/* Begin XCBuildConfiguration section */
		935DC7BE18F8FC3700A42623 /* Debug */ = {
			isa = XCBuildConfiguration;
			buildSettings = {
				ALWAYS_SEARCH_USER_PATHS = NO;
				ARCHS = "$(ARCHS_STANDARD_INCLUDING_64_BIT)";
				CLANG_CXX_LANGUAGE_STANDARD = "gnu++0x";
				CLANG_CXX_LIBRARY = "libc++";
				CLANG_ENABLE_MODULES = YES;
				CLANG_ENABLE_OBJC_ARC = YES;
				CLANG_WARN_BOOL_CONVERSION = YES;
				CLANG_WARN_CONSTANT_CONVERSION = YES;
				CLANG_WARN_DIRECT_OBJC_ISA_USAGE = YES_ERROR;
				CLANG_WARN_EMPTY_BODY = YES;
				CLANG_WARN_ENUM_CONVERSION = YES;
				CLANG_WARN_INT_CONVERSION = YES;
				CLANG_WARN_OBJC_ROOT_CLASS = YES_ERROR;
				CLANG_WARN__DUPLICATE_METHOD_MATCH = YES;
				"CODE_SIGN_IDENTITY[sdk=iphoneos*]" = "iPhone Developer";
				COPY_PHASE_STRIP = NO;
				GCC_C_LANGUAGE_STANDARD = gnu99;
				GCC_DYNAMIC_NO_PIC = NO;
				GCC_OPTIMIZATION_LEVEL = 0;
				GCC_PREPROCESSOR_DEFINITIONS = (
					"DEBUG=1",
					"$(inherited)",
				);
				GCC_SYMBOLS_PRIVATE_EXTERN = NO;
				GCC_WARN_64_TO_32_BIT_CONVERSION = YES;
				GCC_WARN_ABOUT_RETURN_TYPE = YES_ERROR;
				GCC_WARN_UNDECLARED_SELECTOR = YES;
				GCC_WARN_UNINITIALIZED_AUTOS = YES;
				GCC_WARN_UNUSED_FUNCTION = YES;
				GCC_WARN_UNUSED_VARIABLE = YES;
				IPHONEOS_DEPLOYMENT_TARGET = 7.0;
				ONLY_ACTIVE_ARCH = YES;
				SDKROOT = iphoneos;
			};
			name = Debug;
		};
		935DC7BF18F8FC3700A42623 /* Release */ = {
			isa = XCBuildConfiguration;
			buildSettings = {
				ALWAYS_SEARCH_USER_PATHS = NO;
				ARCHS = "$(ARCHS_STANDARD_INCLUDING_64_BIT)";
				CLANG_CXX_LANGUAGE_STANDARD = "gnu++0x";
				CLANG_CXX_LIBRARY = "libc++";
				CLANG_ENABLE_MODULES = YES;
				CLANG_ENABLE_OBJC_ARC = YES;
				CLANG_WARN_BOOL_CONVERSION = YES;
				CLANG_WARN_CONSTANT_CONVERSION = YES;
				CLANG_WARN_DIRECT_OBJC_ISA_USAGE = YES_ERROR;
				CLANG_WARN_EMPTY_BODY = YES;
				CLANG_WARN_ENUM_CONVERSION = YES;
				CLANG_WARN_INT_CONVERSION = YES;
				CLANG_WARN_OBJC_ROOT_CLASS = YES_ERROR;
				CLANG_WARN__DUPLICATE_METHOD_MATCH = YES;
				"CODE_SIGN_IDENTITY[sdk=iphoneos*]" = "iPhone Developer";
				COPY_PHASE_STRIP = YES;
				ENABLE_NS_ASSERTIONS = NO;
				GCC_C_LANGUAGE_STANDARD = gnu99;
				GCC_WARN_64_TO_32_BIT_CONVERSION = YES;
				GCC_WARN_ABOUT_RETURN_TYPE = YES_ERROR;
				GCC_WARN_UNDECLARED_SELECTOR = YES;
				GCC_WARN_UNINITIALIZED_AUTOS = YES;
				GCC_WARN_UNUSED_FUNCTION = YES;
				GCC_WARN_UNUSED_VARIABLE = YES;
				IPHONEOS_DEPLOYMENT_TARGET = 7.0;
				SDKROOT = iphoneos;
				VALIDATE_PRODUCT = YES;
			};
			name = Release;
		};
		935DC7C118F8FC3700A42623 /* Debug */ = {
			isa = XCBuildConfiguration;
			buildSettings = {
				ASSETCATALOG_COMPILER_APPICON_NAME = AppIcon;
				ASSETCATALOG_COMPILER_LAUNCHIMAGE_NAME = LaunchImage;
				GCC_PRECOMPILE_PREFIX_HEADER = YES;
				GCC_PREFIX_HEADER = "LAHacks/LAHacks-Prefix.pch";
				INFOPLIST_FILE = "LAHacks/LAHacks-Info.plist";
				PRODUCT_NAME = "$(TARGET_NAME)";
				WRAPPER_EXTENSION = app;
			};
			name = Debug;
		};
		935DC7C218F8FC3700A42623 /* Release */ = {
			isa = XCBuildConfiguration;
			buildSettings = {
				ASSETCATALOG_COMPILER_APPICON_NAME = AppIcon;
				ASSETCATALOG_COMPILER_LAUNCHIMAGE_NAME = LaunchImage;
				GCC_PRECOMPILE_PREFIX_HEADER = YES;
				GCC_PREFIX_HEADER = "LAHacks/LAHacks-Prefix.pch";
				INFOPLIST_FILE = "LAHacks/LAHacks-Info.plist";
				PRODUCT_NAME = "$(TARGET_NAME)";
				WRAPPER_EXTENSION = app;
			};
			name = Release;
		};
		935DC7C418F8FC3700A42623 /* Debug */ = {
			isa = XCBuildConfiguration;
			buildSettings = {
				ARCHS = "$(ARCHS_STANDARD_INCLUDING_64_BIT)";
				BUNDLE_LOADER = "$(BUILT_PRODUCTS_DIR)/LAHacks.app/LAHacks";
				FRAMEWORK_SEARCH_PATHS = (
					"$(SDKROOT)/Developer/Library/Frameworks",
					"$(inherited)",
					"$(DEVELOPER_FRAMEWORKS_DIR)",
				);
				GCC_PRECOMPILE_PREFIX_HEADER = YES;
				GCC_PREFIX_HEADER = "LAHacks/LAHacks-Prefix.pch";
				GCC_PREPROCESSOR_DEFINITIONS = (
					"DEBUG=1",
					"$(inherited)",
				);
				INFOPLIST_FILE = "LAHacksTests/LAHacksTests-Info.plist";
				PRODUCT_NAME = "$(TARGET_NAME)";
				TEST_HOST = "$(BUNDLE_LOADER)";
				WRAPPER_EXTENSION = xctest;
			};
			name = Debug;
		};
		935DC7C518F8FC3700A42623 /* Release */ = {
			isa = XCBuildConfiguration;
			buildSettings = {
				ARCHS = "$(ARCHS_STANDARD_INCLUDING_64_BIT)";
				BUNDLE_LOADER = "$(BUILT_PRODUCTS_DIR)/LAHacks.app/LAHacks";
				FRAMEWORK_SEARCH_PATHS = (
					"$(SDKROOT)/Developer/Library/Frameworks",
					"$(inherited)",
					"$(DEVELOPER_FRAMEWORKS_DIR)",
				);
				GCC_PRECOMPILE_PREFIX_HEADER = YES;
				GCC_PREFIX_HEADER = "LAHacks/LAHacks-Prefix.pch";
				INFOPLIST_FILE = "LAHacksTests/LAHacksTests-Info.plist";
				PRODUCT_NAME = "$(TARGET_NAME)";
				TEST_HOST = "$(BUNDLE_LOADER)";
				WRAPPER_EXTENSION = xctest;
			};
			name = Release;
		};
/* End XCBuildConfiguration section */

/* Begin XCConfigurationList section */
		935DC78918F8FC3600A42623 /* Build configuration list for PBXProject "LAHacks" */ = {
			isa = XCConfigurationList;
			buildConfigurations = (
				935DC7BE18F8FC3700A42623 /* Debug */,
				935DC7BF18F8FC3700A42623 /* Release */,
			);
			defaultConfigurationIsVisible = 0;
			defaultConfigurationName = Release;
		};
		935DC7C018F8FC3700A42623 /* Build configuration list for PBXNativeTarget "LAHacks" */ = {
			isa = XCConfigurationList;
			buildConfigurations = (
				935DC7C118F8FC3700A42623 /* Debug */,
				935DC7C218F8FC3700A42623 /* Release */,
			);
			defaultConfigurationIsVisible = 0;
		};
		935DC7C318F8FC3700A42623 /* Build configuration list for PBXNativeTarget "LAHacksTests" */ = {
			isa = XCConfigurationList;
			buildConfigurations = (
				935DC7C418F8FC3700A42623 /* Debug */,
				935DC7C518F8FC3700A42623 /* Release */,
			);
			defaultConfigurationIsVisible = 0;
		};
/* End XCConfigurationList section */
	};
	rootObject = 935DC78618F8FC3600A42623 /* Project object */;
}
